// !$*UTF8*$!
{
	archiveVersion = 1;
	classes = {
	};
	objectVersion = 50;
	objects = {

/* Begin PBXBuildFile section */
		01D2BFDA5E5EF478F3DA5E6C /* Pods_iOS_Exam.framework in Frameworks */ = {isa = PBXBuildFile; fileRef = 3E45AE66227701699E81D4B3 /* Pods_iOS_Exam.framework */; };
		6B6900DC21F1A7AE00DE5395 /* AppDelegate.swift in Sources */ = {isa = PBXBuildFile; fileRef = 6B6900DB21F1A7AE00DE5395 /* AppDelegate.swift */; };
		6B6900E121F1A7AE00DE5395 /* Main.storyboard in Resources */ = {isa = PBXBuildFile; fileRef = 6B6900DF21F1A7AE00DE5395 /* Main.storyboard */; };
		6B6900E421F1A7AE00DE5395 /* iOS_Exam.xcdatamodeld in Sources */ = {isa = PBXBuildFile; fileRef = 6B6900E221F1A7AE00DE5395 /* iOS_Exam.xcdatamodeld */; };
		6B6900E621F1A7B100DE5395 /* Assets.xcassets in Resources */ = {isa = PBXBuildFile; fileRef = 6B6900E521F1A7B100DE5395 /* Assets.xcassets */; };
		6B6900E921F1A7B100DE5395 /* LaunchScreen.storyboard in Resources */ = {isa = PBXBuildFile; fileRef = 6B6900E721F1A7B100DE5395 /* LaunchScreen.storyboard */; };
		6B6900F121F2243200DE5395 /* ContactListViewController.swift in Sources */ = {isa = PBXBuildFile; fileRef = 6B6900F021F2243200DE5395 /* ContactListViewController.swift */; };
		6B6900F321F30F2700DE5395 /* ContactModel.swift in Sources */ = {isa = PBXBuildFile; fileRef = 6B6900F221F30F2700DE5395 /* ContactModel.swift */; };
		6B6900F621F33EBB00DE5395 /* RandomContactService.swift in Sources */ = {isa = PBXBuildFile; fileRef = 6B6900F521F33EBB00DE5395 /* RandomContactService.swift */; };
		6B6900FA21F3483F00DE5395 /* ContactListViewModel.swift in Sources */ = {isa = PBXBuildFile; fileRef = 6B6900F921F3483F00DE5395 /* ContactListViewModel.swift */; };
		6B6900FD21F350B000DE5395 /* ContactListTableViewCell.swift in Sources */ = {isa = PBXBuildFile; fileRef = 6B6900FB21F350B000DE5395 /* ContactListTableViewCell.swift */; };
		6B6900FE21F350B000DE5395 /* ContactListTableViewCell.xib in Resources */ = {isa = PBXBuildFile; fileRef = 6B6900FC21F350B000DE5395 /* ContactListTableViewCell.xib */; };
		6B69010221F357F100DE5395 /* ContactDetailViewController.swift in Sources */ = {isa = PBXBuildFile; fileRef = 6B69010121F357F100DE5395 /* ContactDetailViewController.swift */; };
		6B69010621F35A8B00DE5395 /* ContactDetailTableViewCell.swift in Sources */ = {isa = PBXBuildFile; fileRef = 6B69010421F35A8B00DE5395 /* ContactDetailTableViewCell.swift */; };
		6B69010721F35A8B00DE5395 /* ContactDetailTableViewCell.xib in Resources */ = {isa = PBXBuildFile; fileRef = 6B69010521F35A8B00DE5395 /* ContactDetailTableViewCell.xib */; };
		6B69010921F3647600DE5395 /* Define.swift in Sources */ = {isa = PBXBuildFile; fileRef = 6B69010821F3647500DE5395 /* Define.swift */; };
		6B69011B21F36E3900DE5395 /* ContactListViewModelTests.swift in Sources */ = {isa = PBXBuildFile; fileRef = 6B69011A21F36E3900DE5395 /* ContactListViewModelTests.swift */; };
		6B69011D21F373CB00DE5395 /* RandomContactServiceTest.swift in Sources */ = {isa = PBXBuildFile; fileRef = 6B69011C21F373CB00DE5395 /* RandomContactServiceTest.swift */; };
		6B69012021F471C400DE5395 /* UserJson.json in Resources */ = {isa = PBXBuildFile; fileRef = 6B69011F21F471C400DE5395 /* UserJson.json */; };
		962A500663A4C23777731773 /* Pods_iOS_ExamTests.framework in Frameworks */ = {isa = PBXBuildFile; fileRef = AF3AAFD1705A7674F5E96878 /* Pods_iOS_ExamTests.framework */; };
/* End PBXBuildFile section */

/* Begin PBXContainerItemProxy section */
		6B69011521F36E0100DE5395 /* PBXContainerItemProxy */ = {
			isa = PBXContainerItemProxy;
			containerPortal = 6B6900D021F1A7AE00DE5395 /* Project object */;
			proxyType = 1;
			remoteGlobalIDString = 6B6900D721F1A7AE00DE5395;
			remoteInfo = iOS_Exam;
		};
/* End PBXContainerItemProxy section */

/* Begin PBXFileReference section */
		3E45AE66227701699E81D4B3 /* Pods_iOS_Exam.framework */ = {isa = PBXFileReference; explicitFileType = wrapper.framework; includeInIndex = 0; path = Pods_iOS_Exam.framework; sourceTree = BUILT_PRODUCTS_DIR; };
		59222F2C7BD98F8E697ED6E9 /* Pods-iOS_Exam.debug.xcconfig */ = {isa = PBXFileReference; includeInIndex = 1; lastKnownFileType = text.xcconfig; name = "Pods-iOS_Exam.debug.xcconfig"; path = "Pods/Target Support Files/Pods-iOS_Exam/Pods-iOS_Exam.debug.xcconfig"; sourceTree = "<group>"; };
		5AE4EF40B378D9D2E125A1E5 /* Pods-iOS_ExamTests.debug.xcconfig */ = {isa = PBXFileReference; includeInIndex = 1; lastKnownFileType = text.xcconfig; name = "Pods-iOS_ExamTests.debug.xcconfig"; path = "Pods/Target Support Files/Pods-iOS_ExamTests/Pods-iOS_ExamTests.debug.xcconfig"; sourceTree = "<group>"; };
		6B6900D821F1A7AE00DE5395 /* iOS_Exam.app */ = {isa = PBXFileReference; explicitFileType = wrapper.application; includeInIndex = 0; path = iOS_Exam.app; sourceTree = BUILT_PRODUCTS_DIR; };
		6B6900DB21F1A7AE00DE5395 /* AppDelegate.swift */ = {isa = PBXFileReference; lastKnownFileType = sourcecode.swift; path = AppDelegate.swift; sourceTree = "<group>"; };
		6B6900E021F1A7AE00DE5395 /* Base */ = {isa = PBXFileReference; lastKnownFileType = file.storyboard; name = Base; path = Base.lproj/Main.storyboard; sourceTree = "<group>"; };
		6B6900E321F1A7AE00DE5395 /* iOS_Exam.xcdatamodel */ = {isa = PBXFileReference; lastKnownFileType = wrapper.xcdatamodel; path = iOS_Exam.xcdatamodel; sourceTree = "<group>"; };
		6B6900E521F1A7B100DE5395 /* Assets.xcassets */ = {isa = PBXFileReference; lastKnownFileType = folder.assetcatalog; path = Assets.xcassets; sourceTree = "<group>"; };
		6B6900E821F1A7B100DE5395 /* Base */ = {isa = PBXFileReference; lastKnownFileType = file.storyboard; name = Base; path = Base.lproj/LaunchScreen.storyboard; sourceTree = "<group>"; };
		6B6900EA21F1A7B100DE5395 /* Info.plist */ = {isa = PBXFileReference; lastKnownFileType = text.plist.xml; path = Info.plist; sourceTree = "<group>"; };
		6B6900F021F2243200DE5395 /* ContactListViewController.swift */ = {isa = PBXFileReference; lastKnownFileType = sourcecode.swift; path = ContactListViewController.swift; sourceTree = "<group>"; };
		6B6900F221F30F2700DE5395 /* ContactModel.swift */ = {isa = PBXFileReference; lastKnownFileType = sourcecode.swift; path = ContactModel.swift; sourceTree = "<group>"; };
		6B6900F521F33EBB00DE5395 /* RandomContactService.swift */ = {isa = PBXFileReference; lastKnownFileType = sourcecode.swift; path = RandomContactService.swift; sourceTree = "<group>"; };
		6B6900F921F3483F00DE5395 /* ContactListViewModel.swift */ = {isa = PBXFileReference; lastKnownFileType = sourcecode.swift; path = ContactListViewModel.swift; sourceTree = "<group>"; };
		6B6900FB21F350B000DE5395 /* ContactListTableViewCell.swift */ = {isa = PBXFileReference; lastKnownFileType = sourcecode.swift; path = ContactListTableViewCell.swift; sourceTree = "<group>"; };
		6B6900FC21F350B000DE5395 /* ContactListTableViewCell.xib */ = {isa = PBXFileReference; lastKnownFileType = file.xib; path = ContactListTableViewCell.xib; sourceTree = "<group>"; };
		6B69010121F357F100DE5395 /* ContactDetailViewController.swift */ = {isa = PBXFileReference; lastKnownFileType = sourcecode.swift; path = ContactDetailViewController.swift; sourceTree = "<group>"; };
		6B69010421F35A8B00DE5395 /* ContactDetailTableViewCell.swift */ = {isa = PBXFileReference; lastKnownFileType = sourcecode.swift; path = ContactDetailTableViewCell.swift; sourceTree = "<group>"; };
		6B69010521F35A8B00DE5395 /* ContactDetailTableViewCell.xib */ = {isa = PBXFileReference; lastKnownFileType = file.xib; path = ContactDetailTableViewCell.xib; sourceTree = "<group>"; };
		6B69010821F3647500DE5395 /* Define.swift */ = {isa = PBXFileReference; lastKnownFileType = sourcecode.swift; path = Define.swift; sourceTree = "<group>"; };
		6B69011021F36E0100DE5395 /* iOS_ExamTests.xctest */ = {isa = PBXFileReference; explicitFileType = wrapper.cfbundle; includeInIndex = 0; path = iOS_ExamTests.xctest; sourceTree = BUILT_PRODUCTS_DIR; };
		6B69011421F36E0100DE5395 /* Info.plist */ = {isa = PBXFileReference; lastKnownFileType = text.plist.xml; path = Info.plist; sourceTree = "<group>"; };
		6B69011A21F36E3900DE5395 /* ContactListViewModelTests.swift */ = {isa = PBXFileReference; lastKnownFileType = sourcecode.swift; path = ContactListViewModelTests.swift; sourceTree = "<group>"; };
		6B69011C21F373CB00DE5395 /* RandomContactServiceTest.swift */ = {isa = PBXFileReference; lastKnownFileType = sourcecode.swift; path = RandomContactServiceTest.swift; sourceTree = "<group>"; };
		6B69011F21F471C400DE5395 /* UserJson.json */ = {isa = PBXFileReference; lastKnownFileType = text.json; path = UserJson.json; sourceTree = "<group>"; };
		7A2D26766D9317500FCF3D87 /* Pods-iOS_Exam.release.xcconfig */ = {isa = PBXFileReference; includeInIndex = 1; lastKnownFileType = text.xcconfig; name = "Pods-iOS_Exam.release.xcconfig"; path = "Pods/Target Support Files/Pods-iOS_Exam/Pods-iOS_Exam.release.xcconfig"; sourceTree = "<group>"; };
		AF3AAFD1705A7674F5E96878 /* Pods_iOS_ExamTests.framework */ = {isa = PBXFileReference; explicitFileType = wrapper.framework; includeInIndex = 0; path = Pods_iOS_ExamTests.framework; sourceTree = BUILT_PRODUCTS_DIR; };
		C801F4D0E5FDF5584DA3E30B /* Pods-iOS_ExamTests.release.xcconfig */ = {isa = PBXFileReference; includeInIndex = 1; lastKnownFileType = text.xcconfig; name = "Pods-iOS_ExamTests.release.xcconfig"; path = "Pods/Target Support Files/Pods-iOS_ExamTests/Pods-iOS_ExamTests.release.xcconfig"; sourceTree = "<group>"; };
/* End PBXFileReference section */

/* Begin PBXFrameworksBuildPhase section */
		6B6900D521F1A7AE00DE5395 /* Frameworks */ = {
			isa = PBXFrameworksBuildPhase;
			buildActionMask = 2147483647;
			files = (
				01D2BFDA5E5EF478F3DA5E6C /* Pods_iOS_Exam.framework in Frameworks */,
			);
			runOnlyForDeploymentPostprocessing = 0;
		};
		6B69010D21F36E0100DE5395 /* Frameworks */ = {
			isa = PBXFrameworksBuildPhase;
			buildActionMask = 2147483647;
			files = (
				962A500663A4C23777731773 /* Pods_iOS_ExamTests.framework in Frameworks */,
			);
			runOnlyForDeploymentPostprocessing = 0;
		};
/* End PBXFrameworksBuildPhase section */

/* Begin PBXGroup section */
		1404AD31122317D661F97C62 /* Frameworks */ = {
			isa = PBXGroup;
			children = (
				3E45AE66227701699E81D4B3 /* Pods_iOS_Exam.framework */,
				AF3AAFD1705A7674F5E96878 /* Pods_iOS_ExamTests.framework */,
			);
			name = Frameworks;
			sourceTree = "<group>";
		};
		6B6900CF21F1A7AE00DE5395 = {
			isa = PBXGroup;
			children = (
				6B6900DA21F1A7AE00DE5395 /* iOS_Exam */,
				6B69011121F36E0100DE5395 /* iOS_ExamTests */,
				6B6900D921F1A7AE00DE5395 /* Products */,
				C63B878A092E93CB7D7656A7 /* Pods */,
				1404AD31122317D661F97C62 /* Frameworks */,
			);
			sourceTree = "<group>";
		};
		6B6900D921F1A7AE00DE5395 /* Products */ = {
			isa = PBXGroup;
			children = (
				6B6900D821F1A7AE00DE5395 /* iOS_Exam.app */,
				6B69011021F36E0100DE5395 /* iOS_ExamTests.xctest */,
			);
			name = Products;
			sourceTree = "<group>";
		};
		6B6900DA21F1A7AE00DE5395 /* iOS_Exam */ = {
			isa = PBXGroup;
			children = (
				6B6900DB21F1A7AE00DE5395 /* AppDelegate.swift */,
				6B69010821F3647500DE5395 /* Define.swift */,
				6B6900F821F3448400DE5395 /* Service */,
				6B6900F421F33E7000DE5395 /* Model */,
				6B6900F721F3447000DE5395 /* Module */,
				6B6900FF21F350BA00DE5395 /* View */,
				6B6900DF21F1A7AE00DE5395 /* Main.storyboard */,
				6B6900E521F1A7B100DE5395 /* Assets.xcassets */,
				6B6900E721F1A7B100DE5395 /* LaunchScreen.storyboard */,
				6B6900EA21F1A7B100DE5395 /* Info.plist */,
				6B6900E221F1A7AE00DE5395 /* iOS_Exam.xcdatamodeld */,
			);
			path = iOS_Exam;
			sourceTree = "<group>";
		};
		6B6900F421F33E7000DE5395 /* Model */ = {
			isa = PBXGroup;
			children = (
				6B6900F221F30F2700DE5395 /* ContactModel.swift */,
			);
			path = Model;
			sourceTree = "<group>";
		};
		6B6900F721F3447000DE5395 /* Module */ = {
			isa = PBXGroup;
			children = (
				6B69010021F357CA00DE5395 /* ContactList */,
				6B69010321F357FE00DE5395 /* ContactDetail */,
			);
			path = Module;
			sourceTree = "<group>";
		};
		6B6900F821F3448400DE5395 /* Service */ = {
			isa = PBXGroup;
			children = (
				6B6900F521F33EBB00DE5395 /* RandomContactService.swift */,
			);
			path = Service;
			sourceTree = "<group>";
		};
		6B6900FF21F350BA00DE5395 /* View */ = {
			isa = PBXGroup;
			children = (
				6B6900FB21F350B000DE5395 /* ContactListTableViewCell.swift */,
				6B6900FC21F350B000DE5395 /* ContactListTableViewCell.xib */,
				6B69010421F35A8B00DE5395 /* ContactDetailTableViewCell.swift */,
				6B69010521F35A8B00DE5395 /* ContactDetailTableViewCell.xib */,
			);
			path = View;
			sourceTree = "<group>";
		};
		6B69010021F357CA00DE5395 /* ContactList */ = {
			isa = PBXGroup;
			children = (
				6B6900F021F2243200DE5395 /* ContactListViewController.swift */,
				6B6900F921F3483F00DE5395 /* ContactListViewModel.swift */,
			);
			path = ContactList;
			sourceTree = "<group>";
		};
		6B69010321F357FE00DE5395 /* ContactDetail */ = {
			isa = PBXGroup;
			children = (
				6B69010121F357F100DE5395 /* ContactDetailViewController.swift */,
			);
			path = ContactDetail;
			sourceTree = "<group>";
		};
		6B69011121F36E0100DE5395 /* iOS_ExamTests */ = {
			isa = PBXGroup;
			children = (
				6B69011A21F36E3900DE5395 /* ContactListViewModelTests.swift */,
				6B69011C21F373CB00DE5395 /* RandomContactServiceTest.swift */,
				6B69011421F36E0100DE5395 /* Info.plist */,
				6B69011F21F471C400DE5395 /* UserJson.json */,
			);
			path = iOS_ExamTests;
			sourceTree = "<group>";
		};
		C63B878A092E93CB7D7656A7 /* Pods */ = {
			isa = PBXGroup;
			children = (
				59222F2C7BD98F8E697ED6E9 /* Pods-iOS_Exam.debug.xcconfig */,
				7A2D26766D9317500FCF3D87 /* Pods-iOS_Exam.release.xcconfig */,
				5AE4EF40B378D9D2E125A1E5 /* Pods-iOS_ExamTests.debug.xcconfig */,
				C801F4D0E5FDF5584DA3E30B /* Pods-iOS_ExamTests.release.xcconfig */,
			);
			name = Pods;
			sourceTree = "<group>";
		};
/* End PBXGroup section */

/* Begin PBXNativeTarget section */
		6B6900D721F1A7AE00DE5395 /* iOS_Exam */ = {
			isa = PBXNativeTarget;
			buildConfigurationList = 6B6900ED21F1A7B100DE5395 /* Build configuration list for PBXNativeTarget "iOS_Exam" */;
			buildPhases = (
				7C9334F2D048386BBE96CE55 /* [CP] Check Pods Manifest.lock */,
				6B6900D421F1A7AE00DE5395 /* Sources */,
				6B6900D521F1A7AE00DE5395 /* Frameworks */,
				6B6900D621F1A7AE00DE5395 /* Resources */,
				28F75AA0CB564F763E9D6D24 /* [CP] Embed Pods Frameworks */,
			);
			buildRules = (
			);
			dependencies = (
			);
			name = iOS_Exam;
			productName = iOS_Exam;
			productReference = 6B6900D821F1A7AE00DE5395 /* iOS_Exam.app */;
			productType = "com.apple.product-type.application";
		};
		6B69010F21F36E0100DE5395 /* iOS_ExamTests */ = {
			isa = PBXNativeTarget;
			buildConfigurationList = 6B69011721F36E0100DE5395 /* Build configuration list for PBXNativeTarget "iOS_ExamTests" */;
			buildPhases = (
				52C9B253839964038D5235E7 /* [CP] Check Pods Manifest.lock */,
				6B69010C21F36E0100DE5395 /* Sources */,
				6B69010D21F36E0100DE5395 /* Frameworks */,
				6B69010E21F36E0100DE5395 /* Resources */,
				ABD024017980731B9E8CDD47 /* [CP] Embed Pods Frameworks */,
			);
			buildRules = (
			);
			dependencies = (
				6B69011621F36E0100DE5395 /* PBXTargetDependency */,
			);
			name = iOS_ExamTests;
			productName = iOS_ExamTests;
			productReference = 6B69011021F36E0100DE5395 /* iOS_ExamTests.xctest */;
			productType = "com.apple.product-type.bundle.unit-test";
		};
/* End PBXNativeTarget section */

/* Begin PBXProject section */
		6B6900D021F1A7AE00DE5395 /* Project object */ = {
			isa = PBXProject;
			attributes = {
				LastSwiftUpdateCheck = 1010;
				LastUpgradeCheck = 1010;
				ORGANIZATIONNAME = Timothy;
				TargetAttributes = {
					6B6900D721F1A7AE00DE5395 = {
						CreatedOnToolsVersion = 10.1;
					};
					6B69010F21F36E0100DE5395 = {
						CreatedOnToolsVersion = 10.1;
						TestTargetID = 6B6900D721F1A7AE00DE5395;
					};
				};
			};
			buildConfigurationList = 6B6900D321F1A7AE00DE5395 /* Build configuration list for PBXProject "iOS_Exam" */;
			compatibilityVersion = "Xcode 9.3";
			developmentRegion = en;
			hasScannedForEncodings = 0;
			knownRegions = (
				en,
				Base,
			);
			mainGroup = 6B6900CF21F1A7AE00DE5395;
			productRefGroup = 6B6900D921F1A7AE00DE5395 /* Products */;
			projectDirPath = "";
			projectRoot = "";
			targets = (
				6B6900D721F1A7AE00DE5395 /* iOS_Exam */,
				6B69010F21F36E0100DE5395 /* iOS_ExamTests */,
			);
		};
/* End PBXProject section */

/* Begin PBXResourcesBuildPhase section */
		6B6900D621F1A7AE00DE5395 /* Resources */ = {
			isa = PBXResourcesBuildPhase;
			buildActionMask = 2147483647;
			files = (
				6B6900FE21F350B000DE5395 /* ContactListTableViewCell.xib in Resources */,
				6B6900E921F1A7B100DE5395 /* LaunchScreen.storyboard in Resources */,
				6B6900E621F1A7B100DE5395 /* Assets.xcassets in Resources */,
				6B6900E121F1A7AE00DE5395 /* Main.storyboard in Resources */,
				6B69010721F35A8B00DE5395 /* ContactDetailTableViewCell.xib in Resources */,
			);
			runOnlyForDeploymentPostprocessing = 0;
		};
		6B69010E21F36E0100DE5395 /* Resources */ = {
			isa = PBXResourcesBuildPhase;
			buildActionMask = 2147483647;
			files = (
				6B69012021F471C400DE5395 /* UserJson.json in Resources */,
			);
			runOnlyForDeploymentPostprocessing = 0;
		};
/* End PBXResourcesBuildPhase section */

/* Begin PBXShellScriptBuildPhase section */
		28F75AA0CB564F763E9D6D24 /* [CP] Embed Pods Frameworks */ = {
			isa = PBXShellScriptBuildPhase;
			buildActionMask = 2147483647;
			files = (
			);
			inputFileListPaths = (
			);
			inputPaths = (
				"${SRCROOT}/Pods/Target Support Files/Pods-iOS_Exam/Pods-iOS_Exam-frameworks.sh",
				"${BUILT_PRODUCTS_DIR}/Alamofire/Alamofire.framework",
			);
			name = "[CP] Embed Pods Frameworks";
			outputFileListPaths = (
			);
			outputPaths = (
				"${TARGET_BUILD_DIR}/${FRAMEWORKS_FOLDER_PATH}/Alamofire.framework",
			);
			runOnlyForDeploymentPostprocessing = 0;
			shellPath = /bin/sh;
			shellScript = "\"${SRCROOT}/Pods/Target Support Files/Pods-iOS_Exam/Pods-iOS_Exam-frameworks.sh\"\n";
			showEnvVarsInLog = 0;
		};
		52C9B253839964038D5235E7 /* [CP] Check Pods Manifest.lock */ = {
			isa = PBXShellScriptBuildPhase;
			buildActionMask = 2147483647;
			files = (
			);
			inputFileListPaths = (
			);
			inputPaths = (
				"${PODS_PODFILE_DIR_PATH}/Podfile.lock",
				"${PODS_ROOT}/Manifest.lock",
			);
			name = "[CP] Check Pods Manifest.lock";
			outputFileListPaths = (
			);
			outputPaths = (
				"$(DERIVED_FILE_DIR)/Pods-iOS_ExamTests-checkManifestLockResult.txt",
			);
			runOnlyForDeploymentPostprocessing = 0;
			shellPath = /bin/sh;
			shellScript = "diff \"${PODS_PODFILE_DIR_PATH}/Podfile.lock\" \"${PODS_ROOT}/Manifest.lock\" > /dev/null\nif [ $? != 0 ] ; then\n    # print error to STDERR\n    echo \"error: The sandbox is not in sync with the Podfile.lock. Run 'pod install' or update your CocoaPods installation.\" >&2\n    exit 1\nfi\n# This output is used by Xcode 'outputs' to avoid re-running this script phase.\necho \"SUCCESS\" > \"${SCRIPT_OUTPUT_FILE_0}\"\n";
			showEnvVarsInLog = 0;
		};
		7C9334F2D048386BBE96CE55 /* [CP] Check Pods Manifest.lock */ = {
			isa = PBXShellScriptBuildPhase;
			buildActionMask = 2147483647;
			files = (
			);
			inputFileListPaths = (
			);
			inputPaths = (
				"${PODS_PODFILE_DIR_PATH}/Podfile.lock",
				"${PODS_ROOT}/Manifest.lock",
			);
			name = "[CP] Check Pods Manifest.lock";
			outputFileListPaths = (
			);
			outputPaths = (
				"$(DERIVED_FILE_DIR)/Pods-iOS_Exam-checkManifestLockResult.txt",
			);
			runOnlyForDeploymentPostprocessing = 0;
			shellPath = /bin/sh;
			shellScript = "diff \"${PODS_PODFILE_DIR_PATH}/Podfile.lock\" \"${PODS_ROOT}/Manifest.lock\" > /dev/null\nif [ $? != 0 ] ; then\n    # print error to STDERR\n    echo \"error: The sandbox is not in sync with the Podfile.lock. Run 'pod install' or update your CocoaPods installation.\" >&2\n    exit 1\nfi\n# This output is used by Xcode 'outputs' to avoid re-running this script phase.\necho \"SUCCESS\" > \"${SCRIPT_OUTPUT_FILE_0}\"\n";
			showEnvVarsInLog = 0;
		};
		ABD024017980731B9E8CDD47 /* [CP] Embed Pods Frameworks */ = {
			isa = PBXShellScriptBuildPhase;
			buildActionMask = 2147483647;
			files = (
			);
			inputFileListPaths = (
			);
			inputPaths = (
				"${SRCROOT}/Pods/Target Support Files/Pods-iOS_ExamTests/Pods-iOS_ExamTests-frameworks.sh",
				"${BUILT_PRODUCTS_DIR}/Alamofire/Alamofire.framework",
				"${BUILT_PRODUCTS_DIR}/Mockingjay/Mockingjay.framework",
				"${BUILT_PRODUCTS_DIR}/Quick/Quick.framework",
				"${BUILT_PRODUCTS_DIR}/URITemplate/URITemplate.framework",
			);
			name = "[CP] Embed Pods Frameworks";
			outputFileListPaths = (
			);
			outputPaths = (
				"${TARGET_BUILD_DIR}/${FRAMEWORKS_FOLDER_PATH}/Alamofire.framework",
				"${TARGET_BUILD_DIR}/${FRAMEWORKS_FOLDER_PATH}/Mockingjay.framework",
				"${TARGET_BUILD_DIR}/${FRAMEWORKS_FOLDER_PATH}/Quick.framework",
				"${TARGET_BUILD_DIR}/${FRAMEWORKS_FOLDER_PATH}/URITemplate.framework",
			);
			runOnlyForDeploymentPostprocessing = 0;
			shellPath = /bin/sh;
			shellScript = "\"${SRCROOT}/Pods/Target Support Files/Pods-iOS_ExamTests/Pods-iOS_ExamTests-frameworks.sh\"\n";
			showEnvVarsInLog = 0;
		};
/* End PBXShellScriptBuildPhase section */

/* Begin PBXSourcesBuildPhase section */
		6B6900D421F1A7AE00DE5395 /* Sources */ = {
			isa = PBXSourcesBuildPhase;
			buildActionMask = 2147483647;
			files = (
				6B69010621F35A8B00DE5395 /* ContactDetailTableViewCell.swift in Sources */,
				6B6900F321F30F2700DE5395 /* ContactModel.swift in Sources */,
				6B6900F121F2243200DE5395 /* ContactListViewController.swift in Sources */,
				6B6900DC21F1A7AE00DE5395 /* AppDelegate.swift in Sources */,
				6B6900FA21F3483F00DE5395 /* ContactListViewModel.swift in Sources */,
				6B6900F621F33EBB00DE5395 /* RandomContactService.swift in Sources */,
				6B6900E421F1A7AE00DE5395 /* iOS_Exam.xcdatamodeld in Sources */,
				6B69010221F357F100DE5395 /* ContactDetailViewController.swift in Sources */,
				6B69010921F3647600DE5395 /* Define.swift in Sources */,
				6B6900FD21F350B000DE5395 /* ContactListTableViewCell.swift in Sources */,
			);
			runOnlyForDeploymentPostprocessing = 0;
		};
		6B69010C21F36E0100DE5395 /* Sources */ = {
			isa = PBXSourcesBuildPhase;
			buildActionMask = 2147483647;
			files = (
				6B69011B21F36E3900DE5395 /* ContactListViewModelTests.swift in Sources */,
				6B69011D21F373CB00DE5395 /* RandomContactServiceTest.swift in Sources */,
			);
			runOnlyForDeploymentPostprocessing = 0;
		};
/* End PBXSourcesBuildPhase section */

/* Begin PBXTargetDependency section */
		6B69011621F36E0100DE5395 /* PBXTargetDependency */ = {
			isa = PBXTargetDependency;
			target = 6B6900D721F1A7AE00DE5395 /* iOS_Exam */;
			targetProxy = 6B69011521F36E0100DE5395 /* PBXContainerItemProxy */;
		};
/* End PBXTargetDependency section */

/* Begin PBXVariantGroup section */
		6B6900DF21F1A7AE00DE5395 /* Main.storyboard */ = {
			isa = PBXVariantGroup;
			children = (
				6B6900E021F1A7AE00DE5395 /* Base */,
			);
			name = Main.storyboard;
			sourceTree = "<group>";
		};
		6B6900E721F1A7B100DE5395 /* LaunchScreen.storyboard */ = {
			isa = PBXVariantGroup;
			children = (
				6B6900E821F1A7B100DE5395 /* Base */,
			);
			name = LaunchScreen.storyboard;
			sourceTree = "<group>";
		};
/* End PBXVariantGroup section */

/* Begin XCBuildConfiguration section */
		6B6900EB21F1A7B100DE5395 /* Debug */ = {
			isa = XCBuildConfiguration;
			buildSettings = {
				ALWAYS_SEARCH_USER_PATHS = NO;
				CLANG_ANALYZER_NONNULL = YES;
				CLANG_ANALYZER_NUMBER_OBJECT_CONVERSION = YES_AGGRESSIVE;
				CLANG_CXX_LANGUAGE_STANDARD = "gnu++14";
				CLANG_CXX_LIBRARY = "libc++";
				CLANG_ENABLE_MODULES = YES;
				CLANG_ENABLE_OBJC_ARC = YES;
				CLANG_ENABLE_OBJC_WEAK = YES;
				CLANG_WARN_BLOCK_CAPTURE_AUTORELEASING = YES;
				CLANG_WARN_BOOL_CONVERSION = YES;
				CLANG_WARN_COMMA = YES;
				CLANG_WARN_CONSTANT_CONVERSION = YES;
				CLANG_WARN_DEPRECATED_OBJC_IMPLEMENTATIONS = YES;
				CLANG_WARN_DIRECT_OBJC_ISA_USAGE = YES_ERROR;
				CLANG_WARN_DOCUMENTATION_COMMENTS = YES;
				CLANG_WARN_EMPTY_BODY = YES;
				CLANG_WARN_ENUM_CONVERSION = YES;
				CLANG_WARN_INFINITE_RECURSION = YES;
				CLANG_WARN_INT_CONVERSION = YES;
				CLANG_WARN_NON_LITERAL_NULL_CONVERSION = YES;
				CLANG_WARN_OBJC_IMPLICIT_RETAIN_SELF = YES;
				CLANG_WARN_OBJC_LITERAL_CONVERSION = YES;
				CLANG_WARN_OBJC_ROOT_CLASS = YES_ERROR;
				CLANG_WARN_RANGE_LOOP_ANALYSIS = YES;
				CLANG_WARN_STRICT_PROTOTYPES = YES;
				CLANG_WARN_SUSPICIOUS_MOVE = YES;
				CLANG_WARN_UNGUARDED_AVAILABILITY = YES_AGGRESSIVE;
				CLANG_WARN_UNREACHABLE_CODE = YES;
				CLANG_WARN__DUPLICATE_METHOD_MATCH = YES;
				CODE_SIGN_IDENTITY = "iPhone Developer";
				COPY_PHASE_STRIP = NO;
				DEBUG_INFORMATION_FORMAT = dwarf;
				ENABLE_STRICT_OBJC_MSGSEND = YES;
				ENABLE_TESTABILITY = YES;
				GCC_C_LANGUAGE_STANDARD = gnu11;
				GCC_DYNAMIC_NO_PIC = NO;
				GCC_NO_COMMON_BLOCKS = YES;
				GCC_OPTIMIZATION_LEVEL = 0;
				GCC_PREPROCESSOR_DEFINITIONS = (
					"DEBUG=1",
					"$(inherited)",
				);
				GCC_WARN_64_TO_32_BIT_CONVERSION = YES;
				GCC_WARN_ABOUT_RETURN_TYPE = YES_ERROR;
				GCC_WARN_UNDECLARED_SELECTOR = YES;
				GCC_WARN_UNINITIALIZED_AUTOS = YES_AGGRESSIVE;
				GCC_WARN_UNUSED_FUNCTION = YES;
				GCC_WARN_UNUSED_VARIABLE = YES;
				IPHONEOS_DEPLOYMENT_TARGET = 12.1;
				MTL_ENABLE_DEBUG_INFO = INCLUDE_SOURCE;
				MTL_FAST_MATH = YES;
				ONLY_ACTIVE_ARCH = YES;
				SDKROOT = iphoneos;
				SWIFT_ACTIVE_COMPILATION_CONDITIONS = DEBUG;
				SWIFT_OPTIMIZATION_LEVEL = "-Onone";
			};
			name = Debug;
		};
		6B6900EC21F1A7B100DE5395 /* Release */ = {
			isa = XCBuildConfiguration;
			buildSettings = {
				ALWAYS_SEARCH_USER_PATHS = NO;
				CLANG_ANALYZER_NONNULL = YES;
				CLANG_ANALYZER_NUMBER_OBJECT_CONVERSION = YES_AGGRESSIVE;
				CLANG_CXX_LANGUAGE_STANDARD = "gnu++14";
				CLANG_CXX_LIBRARY = "libc++";
				CLANG_ENABLE_MODULES = YES;
				CLANG_ENABLE_OBJC_ARC = YES;
				CLANG_ENABLE_OBJC_WEAK = YES;
				CLANG_WARN_BLOCK_CAPTURE_AUTORELEASING = YES;
				CLANG_WARN_BOOL_CONVERSION = YES;
				CLANG_WARN_COMMA = YES;
				CLANG_WARN_CONSTANT_CONVERSION = YES;
				CLANG_WARN_DEPRECATED_OBJC_IMPLEMENTATIONS = YES;
				CLANG_WARN_DIRECT_OBJC_ISA_USAGE = YES_ERROR;
				CLANG_WARN_DOCUMENTATION_COMMENTS = YES;
				CLANG_WARN_EMPTY_BODY = YES;
				CLANG_WARN_ENUM_CONVERSION = YES;
				CLANG_WARN_INFINITE_RECURSION = YES;
				CLANG_WARN_INT_CONVERSION = YES;
				CLANG_WARN_NON_LITERAL_NULL_CONVERSION = YES;
				CLANG_WARN_OBJC_IMPLICIT_RETAIN_SELF = YES;
				CLANG_WARN_OBJC_LITERAL_CONVERSION = YES;
				CLANG_WARN_OBJC_ROOT_CLASS = YES_ERROR;
				CLANG_WARN_RANGE_LOOP_ANALYSIS = YES;
				CLANG_WARN_STRICT_PROTOTYPES = YES;
				CLANG_WARN_SUSPICIOUS_MOVE = YES;
				CLANG_WARN_UNGUARDED_AVAILABILITY = YES_AGGRESSIVE;
				CLANG_WARN_UNREACHABLE_CODE = YES;
				CLANG_WARN__DUPLICATE_METHOD_MATCH = YES;
				CODE_SIGN_IDENTITY = "iPhone Developer";
				COPY_PHASE_STRIP = NO;
				DEBUG_INFORMATION_FORMAT = "dwarf-with-dsym";
				ENABLE_NS_ASSERTIONS = NO;
				ENABLE_STRICT_OBJC_MSGSEND = YES;
				GCC_C_LANGUAGE_STANDARD = gnu11;
				GCC_NO_COMMON_BLOCKS = YES;
				GCC_WARN_64_TO_32_BIT_CONVERSION = YES;
				GCC_WARN_ABOUT_RETURN_TYPE = YES_ERROR;
				GCC_WARN_UNDECLARED_SELECTOR = YES;
				GCC_WARN_UNINITIALIZED_AUTOS = YES_AGGRESSIVE;
				GCC_WARN_UNUSED_FUNCTION = YES;
				GCC_WARN_UNUSED_VARIABLE = YES;
				IPHONEOS_DEPLOYMENT_TARGET = 12.1;
				MTL_ENABLE_DEBUG_INFO = NO;
				MTL_FAST_MATH = YES;
				SDKROOT = iphoneos;
				SWIFT_COMPILATION_MODE = wholemodule;
				SWIFT_OPTIMIZATION_LEVEL = "-O";
				VALIDATE_PRODUCT = YES;
			};
			name = Release;
		};
		6B6900EE21F1A7B100DE5395 /* Debug */ = {
			isa = XCBuildConfiguration;
			baseConfigurationReference = 59222F2C7BD98F8E697ED6E9 /* Pods-iOS_Exam.debug.xcconfig */;
			buildSettings = {
				ASSETCATALOG_COMPILER_APPICON_NAME = AppIcon;
				CODE_SIGN_STYLE = Automatic;
				DEVELOPMENT_TEAM = FBND9EJP2C;
				INFOPLIST_FILE = iOS_Exam/Info.plist;
				IPHONEOS_DEPLOYMENT_TARGET = 9.0;
				LD_RUNPATH_SEARCH_PATHS = (
					"$(inherited)",
					"@executable_path/Frameworks",
				);
				PRODUCT_BUNDLE_IDENTIFIER = "Timothy.com.tw.iOS-Exam";
				PRODUCT_NAME = "$(TARGET_NAME)";
				SWIFT_VERSION = 4.2;
				TARGETED_DEVICE_FAMILY = "1,2";
			};
			name = Debug;
		};
		6B6900EF21F1A7B100DE5395 /* Release */ = {
			isa = XCBuildConfiguration;
			baseConfigurationReference = 7A2D26766D9317500FCF3D87 /* Pods-iOS_Exam.release.xcconfig */;
			buildSettings = {
				ASSETCATALOG_COMPILER_APPICON_NAME = AppIcon;
				CODE_SIGN_STYLE = Automatic;
				DEVELOPMENT_TEAM = FBND9EJP2C;
				INFOPLIST_FILE = iOS_Exam/Info.plist;
				IPHONEOS_DEPLOYMENT_TARGET = 9.0;
				LD_RUNPATH_SEARCH_PATHS = (
					"$(inherited)",
					"@executable_path/Frameworks",
				);
				PRODUCT_BUNDLE_IDENTIFIER = "Timothy.com.tw.iOS-Exam";
				PRODUCT_NAME = "$(TARGET_NAME)";
				SWIFT_VERSION = 4.2;
				TARGETED_DEVICE_FAMILY = "1,2";
			};
			name = Release;
		};
		6B69011821F36E0100DE5395 /* Debug */ = {
			isa = XCBuildConfiguration;
			baseConfigurationReference = 5AE4EF40B378D9D2E125A1E5 /* Pods-iOS_ExamTests.debug.xcconfig */;
			buildSettings = {
				BUNDLE_LOADER = "$(TEST_HOST)";
				CODE_SIGN_STYLE = Automatic;
				DEVELOPMENT_TEAM = FBND9EJP2C;
				INFOPLIST_FILE = iOS_ExamTests/Info.plist;
				LD_RUNPATH_SEARCH_PATHS = (
					"$(inherited)",
					"@executable_path/Frameworks",
					"@loader_path/Frameworks",
				);
				PRODUCT_BUNDLE_IDENTIFIER = "Timothy.com.tw.iOS-ExamTests";
				PRODUCT_NAME = "$(TARGET_NAME)";
				SWIFT_VERSION = 4.2;
				TARGETED_DEVICE_FAMILY = "1,2";
				TEST_HOST = "$(BUILT_PRODUCTS_DIR)/iOS_Exam.app/iOS_Exam";
			};
			name = Debug;
		};
		6B69011921F36E0100DE5395 /* Release */ = {
			isa = XCBuildConfiguration;
			baseConfigurationReference = C801F4D0E5FDF5584DA3E30B /* Pods-iOS_ExamTests.release.xcconfig */;
			buildSettings = {
				BUNDLE_LOADER = "$(TEST_HOST)";
				CODE_SIGN_STYLE = Automatic;
				DEVELOPMENT_TEAM = FBND9EJP2C;
				INFOPLIST_FILE = iOS_ExamTests/Info.plist;
				LD_RUNPATH_SEARCH_PATHS = (
					"$(inherited)",
					"@executable_path/Frameworks",
					"@loader_path/Frameworks",
				);
				PRODUCT_BUNDLE_IDENTIFIER = "Timothy.com.tw.iOS-ExamTests";
				PRODUCT_NAME = "$(TARGET_NAME)";
				SWIFT_VERSION = 4.2;
				TARGETED_DEVICE_FAMILY = "1,2";
				TEST_HOST = "$(BUILT_PRODUCTS_DIR)/iOS_Exam.app/iOS_Exam";
			};
			name = Release;
		};
/* End XCBuildConfiguration section */

/* Begin XCConfigurationList section */
		6B6900D321F1A7AE00DE5395 /* Build configuration list for PBXProject "iOS_Exam" */ = {
			isa = XCConfigurationList;
			buildConfigurations = (
				6B6900EB21F1A7B100DE5395 /* Debug */,
				6B6900EC21F1A7B100DE5395 /* Release */,
			);
			defaultConfigurationIsVisible = 0;
			defaultConfigurationName = Release;
		};
		6B6900ED21F1A7B100DE5395 /* Build configuration list for PBXNativeTarget "iOS_Exam" */ = {
			isa = XCConfigurationList;
			buildConfigurations = (
				6B6900EE21F1A7B100DE5395 /* Debug */,
				6B6900EF21F1A7B100DE5395 /* Release */,
			);
			defaultConfigurationIsVisible = 0;
			defaultConfigurationName = Release;
		};
		6B69011721F36E0100DE5395 /* Build configuration list for PBXNativeTarget "iOS_ExamTests" */ = {
			isa = XCConfigurationList;
			buildConfigurations = (
				6B69011821F36E0100DE5395 /* Debug */,
				6B69011921F36E0100DE5395 /* Release */,
			);
			defaultConfigurationIsVisible = 0;
			defaultConfigurationName = Release;
		};
/* End XCConfigurationList section */

/* Begin XCVersionGroup section */
		6B6900E221F1A7AE00DE5395 /* iOS_Exam.xcdatamodeld */ = {
			isa = XCVersionGroup;
			children = (
				6B6900E321F1A7AE00DE5395 /* iOS_Exam.xcdatamodel */,
			);
			currentVersion = 6B6900E321F1A7AE00DE5395 /* iOS_Exam.xcdatamodel */;
			path = iOS_Exam.xcdatamodeld;
			sourceTree = "<group>";
			versionGroupType = wrapper.xcdatamodel;
		};
/* End XCVersionGroup section */
	};
	rootObject = 6B6900D021F1A7AE00DE5395 /* Project object */;
}
